
Microsoft Visual Studio Solution File, Format Version 12.00
# Visual Studio 15
Project("{FAE04EC0-301F-11D3-BF4B-00C04F79EFBC}") = "Assembly-CSharp", "Assembly-CSharp.csproj", "{D7CC07A1-A82A-E32F-A566-3466D677FA4D}"
EndProject
Project("{FAE04EC0-301F-11D3-BF4B-00C04F79EFBC}") = "Assembly-CSharp-Editor", "Assembly-CSharp-Editor.csproj", "{FDEBCBAB-2ED5-97ED-9F17-853392119B92}"
EndProject
Global
	GlobalSection(SolutionConfigurationPlatforms) = preSolution
		Debug|Any CPU = Debug|Any CPU
		Release|Any CPU = Release|Any CPU
	EndGlobalSection
	GlobalSection(ProjectConfigurationPlatforms) = postSolution
		{D7CC07A1-A82A-E32F-A566-3466D677FA4D}.Debug|Any CPU.ActiveCfg = Debug|Any CPU
		{D7CC07A1-A82A-E32F-A566-3466D677FA4D}.Debug|Any CPU.Build.0 = Debug|Any CPU
		{D7CC07A1-A82A-E32F-A566-3466D677FA4D}.Release|Any CPU.ActiveCfg = Release|Any CPU
		{D7CC07A1-A82A-E32F-A566-3466D677FA4D}.Release|Any CPU.Build.0 = Release|Any CPU
		{FDEBCBAB-2ED5-97ED-9F17-853392119B92}.Debug|Any CPU.ActiveCfg = Debug|Any CPU
		{FDEBCBAB-2ED5-97ED-9F17-853392119B92}.Debug|Any CPU.Build.0 = Debug|Any CPU
		{FDEBCBAB-2ED5-97ED-9F17-853392119B92}.Release|Any CPU.ActiveCfg = Release|Any CPU
		{FDEBCBAB-2ED5-97ED-9F17-853392119B92}.Release|Any CPU.Build.0 = Release|Any CPU
	EndGlobalSection
	GlobalSection(SolutionProperties) = preSolution
		HideSolutionNode = FALSE
	EndGlobalSection
EndGlobal
